{
  "name": "twitmarks",
  "version": "1.0.0",
  "lockfileVersion": 1,
  "requires": true,
  "dependencies": {
    "@types/chrome": {
      "version": "0.0.71",
      "resolved": "https://registry.npmjs.org/@types/chrome/-/chrome-0.0.71.tgz",
      "integrity": "sha512-+b0KQd8jdqJ+xnItS7UYGYPIERl4k3+jSk8M+wiItKyKNs35pZW0OnCPtwE1qYrClARCuX3EYRms5vQseXV/iA==",
      "requires": {
        "@types/filesystem": "0.0.28"
      }
    },
    "@types/filesystem": {
      "version": "0.0.28",
      "resolved": "https://registry.npmjs.org/@types/filesystem/-/filesystem-0.0.28.tgz",
      "integrity": "sha1-P9dzWDDyx0E8taxFeAvEWQRpew4=",
      "requires": {
        "@types/filewriter": "0.0.28"
      }
    },
    "@types/filewriter": {
      "version": "0.0.28",
      "resolved": "https://registry.npmjs.org/@types/filewriter/-/filewriter-0.0.28.tgz",
      "integrity": "sha1-wFTor02d11205jq8dviFFocU1LM="
    }
  }
}
